// !$*UTF8*$!
{
	archiveVersion = 1;
	classes = {
	};
	objectVersion = 56;
	objects = {

/* Begin PBXBuildFile section */
		F5978D2829D4A7AF00C803F9 /* FruitModel.swift in Sources */ = {isa = PBXBuildFile; fileRef = F5978D2729D4A7AF00C803F9 /* FruitModel.swift */; };
		F5978D2B29D4A90E00C803F9 /* FruitData.swift in Sources */ = {isa = PBXBuildFile; fileRef = F5978D2A29D4A90E00C803F9 /* FruitData.swift */; };
		F5978D2D29D4B0D000C803F9 /* FruitRowView.swift in Sources */ = {isa = PBXBuildFile; fileRef = F5978D2C29D4B0D000C803F9 /* FruitRowView.swift */; };
		F5978D2F29D4B6B100C803F9 /* FruitDetailView.swift in Sources */ = {isa = PBXBuildFile; fileRef = F5978D2E29D4B6B100C803F9 /* FruitDetailView.swift */; };
		F5978D3129D4B9D600C803F9 /* FruitHeaderView.swift in Sources */ = {isa = PBXBuildFile; fileRef = F5978D3029D4B9D600C803F9 /* FruitHeaderView.swift */; };
		F5978D3329D4DF5300C803F9 /* SourceLinkView.swift in Sources */ = {isa = PBXBuildFile; fileRef = F5978D3229D4DF5300C803F9 /* SourceLinkView.swift */; };
		F5BF9F0D29D1AD4A00DB05E8 /* FructusApp.swift in Sources */ = {isa = PBXBuildFile; fileRef = F5BF9F0C29D1AD4A00DB05E8 /* FructusApp.swift */; };
		F5BF9F0F29D1AD4A00DB05E8 /* ContentView.swift in Sources */ = {isa = PBXBuildFile; fileRef = F5BF9F0E29D1AD4A00DB05E8 /* ContentView.swift */; };
		F5BF9F1129D1AD4B00DB05E8 /* Assets.xcassets in Resources */ = {isa = PBXBuildFile; fileRef = F5BF9F1029D1AD4B00DB05E8 /* Assets.xcassets */; };
		F5BF9F1429D1AD4B00DB05E8 /* Preview Assets.xcassets in Resources */ = {isa = PBXBuildFile; fileRef = F5BF9F1329D1AD4B00DB05E8 /* Preview Assets.xcassets */; };
		F5BF9F1F29D1B0EF00DB05E8 /* FruitCardView.swift in Sources */ = {isa = PBXBuildFile; fileRef = F5BF9F1E29D1B0EF00DB05E8 /* FruitCardView.swift */; };
		F5BF9F2129D1B58B00DB05E8 /* StartButtonView.swift in Sources */ = {isa = PBXBuildFile; fileRef = F5BF9F2029D1B58B00DB05E8 /* StartButtonView.swift */; };
		F5BF9F2329D1B90600DB05E8 /* OnboardingView.swift in Sources */ = {isa = PBXBuildFile; fileRef = F5BF9F2229D1B90600DB05E8 /* OnboardingView.swift */; };
		F5D53EBC29D5CAA3000EE450 /* FruitNutrientsView.swift in Sources */ = {isa = PBXBuildFile; fileRef = F5D53EBB29D5CAA3000EE450 /* FruitNutrientsView.swift */; };
		F5D53EBE29D5D091000EE450 /* SettingsView.swift in Sources */ = {isa = PBXBuildFile; fileRef = F5D53EBD29D5D091000EE450 /* SettingsView.swift */; };
		F5D53EC029D5D5B5000EE450 /* SettingsLabelView.swift in Sources */ = {isa = PBXBuildFile; fileRef = F5D53EBF29D5D5B5000EE450 /* SettingsLabelView.swift */; };
		F5D53EC229D611BF000EE450 /* SettingsRowView.swift in Sources */ = {isa = PBXBuildFile; fileRef = F5D53EC129D611BF000EE450 /* SettingsRowView.swift */; };
/* End PBXBuildFile section */

/* Begin PBXFileReference section */
		F5978D2729D4A7AF00C803F9 /* FruitModel.swift */ = {isa = PBXFileReference; lastKnownFileType = sourcecode.swift; path = FruitModel.swift; sourceTree = "<group>"; };
		F5978D2A29D4A90E00C803F9 /* FruitData.swift */ = {isa = PBXFileReference; lastKnownFileType = sourcecode.swift; path = FruitData.swift; sourceTree = "<group>"; };
		F5978D2C29D4B0D000C803F9 /* FruitRowView.swift */ = {isa = PBXFileReference; lastKnownFileType = sourcecode.swift; path = FruitRowView.swift; sourceTree = "<group>"; };
		F5978D2E29D4B6B100C803F9 /* FruitDetailView.swift */ = {isa = PBXFileReference; lastKnownFileType = sourcecode.swift; path = FruitDetailView.swift; sourceTree = "<group>"; };
		F5978D3029D4B9D600C803F9 /* FruitHeaderView.swift */ = {isa = PBXFileReference; lastKnownFileType = sourcecode.swift; path = FruitHeaderView.swift; sourceTree = "<group>"; };
		F5978D3229D4DF5300C803F9 /* SourceLinkView.swift */ = {isa = PBXFileReference; lastKnownFileType = sourcecode.swift; path = SourceLinkView.swift; sourceTree = "<group>"; };
		F5BF9F0929D1AD4A00DB05E8 /* Fructus.app */ = {isa = PBXFileReference; explicitFileType = wrapper.application; includeInIndex = 0; path = Fructus.app; sourceTree = BUILT_PRODUCTS_DIR; };
		F5BF9F0C29D1AD4A00DB05E8 /* FructusApp.swift */ = {isa = PBXFileReference; lastKnownFileType = sourcecode.swift; path = FructusApp.swift; sourceTree = "<group>"; };
		F5BF9F0E29D1AD4A00DB05E8 /* ContentView.swift */ = {isa = PBXFileReference; lastKnownFileType = sourcecode.swift; path = ContentView.swift; sourceTree = "<group>"; };
		F5BF9F1029D1AD4B00DB05E8 /* Assets.xcassets */ = {isa = PBXFileReference; lastKnownFileType = folder.assetcatalog; path = Assets.xcassets; sourceTree = "<group>"; };
		F5BF9F1329D1AD4B00DB05E8 /* Preview Assets.xcassets */ = {isa = PBXFileReference; lastKnownFileType = folder.assetcatalog; path = "Preview Assets.xcassets"; sourceTree = "<group>"; };
		F5BF9F1A29D1AD7600DB05E8 /* Info.plist */ = {isa = PBXFileReference; lastKnownFileType = text.plist; path = Info.plist; sourceTree = "<group>"; };
		F5BF9F1E29D1B0EF00DB05E8 /* FruitCardView.swift */ = {isa = PBXFileReference; lastKnownFileType = sourcecode.swift; path = FruitCardView.swift; sourceTree = "<group>"; };
		F5BF9F2029D1B58B00DB05E8 /* StartButtonView.swift */ = {isa = PBXFileReference; lastKnownFileType = sourcecode.swift; path = StartButtonView.swift; sourceTree = "<group>"; };
		F5BF9F2229D1B90600DB05E8 /* OnboardingView.swift */ = {isa = PBXFileReference; lastKnownFileType = sourcecode.swift; path = OnboardingView.swift; sourceTree = "<group>"; };
		F5D53EBB29D5CAA3000EE450 /* FruitNutrientsView.swift */ = {isa = PBXFileReference; lastKnownFileType = sourcecode.swift; path = FruitNutrientsView.swift; sourceTree = "<group>"; };
		F5D53EBD29D5D091000EE450 /* SettingsView.swift */ = {isa = PBXFileReference; lastKnownFileType = sourcecode.swift; path = SettingsView.swift; sourceTree = "<group>"; };
		F5D53EBF29D5D5B5000EE450 /* SettingsLabelView.swift */ = {isa = PBXFileReference; lastKnownFileType = sourcecode.swift; path = SettingsLabelView.swift; sourceTree = "<group>"; };
		F5D53EC129D611BF000EE450 /* SettingsRowView.swift */ = {isa = PBXFileReference; lastKnownFileType = sourcecode.swift; path = SettingsRowView.swift; sourceTree = "<group>"; };
/* End PBXFileReference section */

/* Begin PBXFrameworksBuildPhase section */
		F5BF9F0629D1AD4A00DB05E8 /* Frameworks */ = {
			isa = PBXFrameworksBuildPhase;
			buildActionMask = 2147483647;
			files = (
			);
			runOnlyForDeploymentPostprocessing = 0;
		};
/* End PBXFrameworksBuildPhase section */

/* Begin PBXGroup section */
		F5978D2629D4A79B00C803F9 /* Model */ = {
			isa = PBXGroup;
			children = (
				F5978D2729D4A7AF00C803F9 /* FruitModel.swift */,
			);
			path = Model;
			sourceTree = "<group>";
		};
		F5978D2929D4A90100C803F9 /* Data */ = {
			isa = PBXGroup;
			children = (
				F5978D2A29D4A90E00C803F9 /* FruitData.swift */,
			);
			path = Data;
			sourceTree = "<group>";
		};
		F5BF9F0029D1AD4A00DB05E8 = {
			isa = PBXGroup;
			children = (
				F5BF9F0B29D1AD4A00DB05E8 /* Fructus */,
				F5BF9F0A29D1AD4A00DB05E8 /* Products */,
			);
			sourceTree = "<group>";
		};
		F5BF9F0A29D1AD4A00DB05E8 /* Products */ = {
			isa = PBXGroup;
			children = (
				F5BF9F0929D1AD4A00DB05E8 /* Fructus.app */,
			);
			name = Products;
			sourceTree = "<group>";
		};
		F5BF9F0B29D1AD4A00DB05E8 /* Fructus */ = {
			isa = PBXGroup;
			children = (
				F5BF9F1A29D1AD7600DB05E8 /* Info.plist */,
				F5BF9F1029D1AD4B00DB05E8 /* Assets.xcassets */,
				F5978D2929D4A90100C803F9 /* Data */,
				F5978D2629D4A79B00C803F9 /* Model */,
				F5BF9F1D29D1B0D100DB05E8 /* View */,
				F5BF9F1C29D1B0AA00DB05E8 /* App */,
				F5BF9F1229D1AD4B00DB05E8 /* Preview Content */,
			);
			path = Fructus;
			sourceTree = "<group>";
		};
		F5BF9F1229D1AD4B00DB05E8 /* Preview Content */ = {
			isa = PBXGroup;
			children = (
				F5BF9F1329D1AD4B00DB05E8 /* Preview Assets.xcassets */,
			);
			path = "Preview Content";
			sourceTree = "<group>";
		};
		F5BF9F1C29D1B0AA00DB05E8 /* App */ = {
			isa = PBXGroup;
			children = (
				F5BF9F0C29D1AD4A00DB05E8 /* FructusApp.swift */,
				F5BF9F0E29D1AD4A00DB05E8 /* ContentView.swift */,
				F5BF9F2229D1B90600DB05E8 /* OnboardingView.swift */,
				F5978D2E29D4B6B100C803F9 /* FruitDetailView.swift */,
				F5D53EBD29D5D091000EE450 /* SettingsView.swift */,
			);
			path = App;
			sourceTree = "<group>";
		};
		F5BF9F1D29D1B0D100DB05E8 /* View */ = {
			isa = PBXGroup;
			children = (
				F5BF9F1E29D1B0EF00DB05E8 /* FruitCardView.swift */,
				F5BF9F2029D1B58B00DB05E8 /* StartButtonView.swift */,
				F5978D2C29D4B0D000C803F9 /* FruitRowView.swift */,
				F5978D3029D4B9D600C803F9 /* FruitHeaderView.swift */,
				F5978D3229D4DF5300C803F9 /* SourceLinkView.swift */,
				F5D53EBB29D5CAA3000EE450 /* FruitNutrientsView.swift */,
				F5D53EBF29D5D5B5000EE450 /* SettingsLabelView.swift */,
				F5D53EC129D611BF000EE450 /* SettingsRowView.swift */,
			);
			path = View;
			sourceTree = "<group>";
		};
/* End PBXGroup section */

/* Begin PBXNativeTarget section */
		F5BF9F0829D1AD4A00DB05E8 /* Fructus */ = {
			isa = PBXNativeTarget;
			buildConfigurationList = F5BF9F1729D1AD4B00DB05E8 /* Build configuration list for PBXNativeTarget "Fructus" */;
			buildPhases = (
				F5BF9F0529D1AD4A00DB05E8 /* Sources */,
				F5BF9F0629D1AD4A00DB05E8 /* Frameworks */,
				F5BF9F0729D1AD4A00DB05E8 /* Resources */,
			);
			buildRules = (
			);
			dependencies = (
			);
			name = Fructus;
			productName = Fructus;
			productReference = F5BF9F0929D1AD4A00DB05E8 /* Fructus.app */;
			productType = "com.apple.product-type.application";
		};
/* End PBXNativeTarget section */

/* Begin PBXProject section */
		F5BF9F0129D1AD4A00DB05E8 /* Project object */ = {
			isa = PBXProject;
			attributes = {
				BuildIndependentTargetsInParallel = 1;
				LastSwiftUpdateCheck = 1420;
				LastUpgradeCheck = 1420;
				TargetAttributes = {
					F5BF9F0829D1AD4A00DB05E8 = {
						CreatedOnToolsVersion = 14.2;
					};
				};
			};
			buildConfigurationList = F5BF9F0429D1AD4A00DB05E8 /* Build configuration list for PBXProject "Fructus" */;
			compatibilityVersion = "Xcode 14.0";
			developmentRegion = en;
			hasScannedForEncodings = 0;
			knownRegions = (
				en,
				Base,
			);
			mainGroup = F5BF9F0029D1AD4A00DB05E8;
			productRefGroup = F5BF9F0A29D1AD4A00DB05E8 /* Products */;
			projectDirPath = "";
			projectRoot = "";
			targets = (
				F5BF9F0829D1AD4A00DB05E8 /* Fructus */,
			);
		};
/* End PBXProject section */

/* Begin PBXResourcesBuildPhase section */
		F5BF9F0729D1AD4A00DB05E8 /* Resources */ = {
			isa = PBXResourcesBuildPhase;
			buildActionMask = 2147483647;
			files = (
				F5BF9F1429D1AD4B00DB05E8 /* Preview Assets.xcassets in Resources */,
				F5BF9F1129D1AD4B00DB05E8 /* Assets.xcassets in Resources */,
			);
			runOnlyForDeploymentPostprocessing = 0;
		};
/* End PBXResourcesBuildPhase section */

/* Begin PBXSourcesBuildPhase section */
		F5BF9F0529D1AD4A00DB05E8 /* Sources */ = {
			isa = PBXSourcesBuildPhase;
			buildActionMask = 2147483647;
			files = (
				F5978D2B29D4A90E00C803F9 /* FruitData.swift in Sources */,
				F5978D3329D4DF5300C803F9 /* SourceLinkView.swift in Sources */,
				F5D53EC229D611BF000EE450 /* SettingsRowView.swift in Sources */,
				F5BF9F1F29D1B0EF00DB05E8 /* FruitCardView.swift in Sources */,
				F5978D2D29D4B0D000C803F9 /* FruitRowView.swift in Sources */,
				F5D53EBC29D5CAA3000EE450 /* FruitNutrientsView.swift in Sources */,
				F5BF9F2129D1B58B00DB05E8 /* StartButtonView.swift in Sources */,
				F5978D2F29D4B6B100C803F9 /* FruitDetailView.swift in Sources */,
				F5BF9F0F29D1AD4A00DB05E8 /* ContentView.swift in Sources */,
				F5978D3129D4B9D600C803F9 /* FruitHeaderView.swift in Sources */,
				F5BF9F2329D1B90600DB05E8 /* OnboardingView.swift in Sources */,
				F5D53EC029D5D5B5000EE450 /* SettingsLabelView.swift in Sources */,
				F5978D2829D4A7AF00C803F9 /* FruitModel.swift in Sources */,
				F5BF9F0D29D1AD4A00DB05E8 /* FructusApp.swift in Sources */,
				F5D53EBE29D5D091000EE450 /* SettingsView.swift in Sources */,
			);
			runOnlyForDeploymentPostprocessing = 0;
		};
/* End PBXSourcesBuildPhase section */

/* Begin XCBuildConfiguration section */
		F5BF9F1529D1AD4B00DB05E8 /* Debug */ = {
			isa = XCBuildConfiguration;
			buildSettings = {
				ALWAYS_SEARCH_USER_PATHS = NO;
				CLANG_ANALYZER_NONNULL = YES;
				CLANG_ANALYZER_NUMBER_OBJECT_CONVERSION = YES_AGGRESSIVE;
				CLANG_CXX_LANGUAGE_STANDARD = "gnu++20";
				CLANG_ENABLE_MODULES = YES;
				CLANG_ENABLE_OBJC_ARC = YES;
				CLANG_ENABLE_OBJC_WEAK = YES;
				CLANG_WARN_BLOCK_CAPTURE_AUTORELEASING = YES;
				CLANG_WARN_BOOL_CONVERSION = YES;
				CLANG_WARN_COMMA = YES;
				CLANG_WARN_CONSTANT_CONVERSION = YES;
				CLANG_WARN_DEPRECATED_OBJC_IMPLEMENTATIONS = YES;
				CLANG_WARN_DIRECT_OBJC_ISA_USAGE = YES_ERROR;
				CLANG_WARN_DOCUMENTATION_COMMENTS = YES;
				CLANG_WARN_EMPTY_BODY = YES;
				CLANG_WARN_ENUM_CONVERSION = YES;
				CLANG_WARN_INFINITE_RECURSION = YES;
				CLANG_WARN_INT_CONVERSION = YES;
				CLANG_WARN_NON_LITERAL_NULL_CONVERSION = YES;
				CLANG_WARN_OBJC_IMPLICIT_RETAIN_SELF = YES;
				CLANG_WARN_OBJC_LITERAL_CONVERSION = YES;
				CLANG_WARN_OBJC_ROOT_CLASS = YES_ERROR;
				CLANG_WARN_QUOTED_INCLUDE_IN_FRAMEWORK_HEADER = YES;
				CLANG_WARN_RANGE_LOOP_ANALYSIS = YES;
				CLANG_WARN_STRICT_PROTOTYPES = YES;
				CLANG_WARN_SUSPICIOUS_MOVE = YES;
				CLANG_WARN_UNGUARDED_AVAILABILITY = YES_AGGRESSIVE;
				CLANG_WARN_UNREACHABLE_CODE = YES;
				CLANG_WARN__DUPLICATE_METHOD_MATCH = YES;
				COPY_PHASE_STRIP = NO;
				DEBUG_INFORMATION_FORMAT = dwarf;
				ENABLE_STRICT_OBJC_MSGSEND = YES;
				ENABLE_TESTABILITY = YES;
				GCC_C_LANGUAGE_STANDARD = gnu11;
				GCC_DYNAMIC_NO_PIC = NO;
				GCC_NO_COMMON_BLOCKS = YES;
				GCC_OPTIMIZATION_LEVEL = 0;
				GCC_PREPROCESSOR_DEFINITIONS = (
					"DEBUG=1",
					"$(inherited)",
				);
				GCC_WARN_64_TO_32_BIT_CONVERSION = YES;
				GCC_WARN_ABOUT_RETURN_TYPE = YES_ERROR;
				GCC_WARN_UNDECLARED_SELECTOR = YES;
				GCC_WARN_UNINITIALIZED_AUTOS = YES_AGGRESSIVE;
				GCC_WARN_UNUSED_FUNCTION = YES;
				GCC_WARN_UNUSED_VARIABLE = YES;
				IPHONEOS_DEPLOYMENT_TARGET = 16.2;
				MTL_ENABLE_DEBUG_INFO = INCLUDE_SOURCE;
				MTL_FAST_MATH = YES;
				ONLY_ACTIVE_ARCH = YES;
				SDKROOT = iphoneos;
				SWIFT_ACTIVE_COMPILATION_CONDITIONS = DEBUG;
				SWIFT_OPTIMIZATION_LEVEL = "-Onone";
			};
			name = Debug;
		};
		F5BF9F1629D1AD4B00DB05E8 /* Release */ = {
			isa = XCBuildConfiguration;
			buildSettings = {
				ALWAYS_SEARCH_USER_PATHS = NO;
				CLANG_ANALYZER_NONNULL = YES;
				CLANG_ANALYZER_NUMBER_OBJECT_CONVERSION = YES_AGGRESSIVE;
				CLANG_CXX_LANGUAGE_STANDARD = "gnu++20";
				CLANG_ENABLE_MODULES = YES;
				CLANG_ENABLE_OBJC_ARC = YES;
				CLANG_ENABLE_OBJC_WEAK = YES;
				CLANG_WARN_BLOCK_CAPTURE_AUTORELEASING = YES;
				CLANG_WARN_BOOL_CONVERSION = YES;
				CLANG_WARN_COMMA = YES;
				CLANG_WARN_CONSTANT_CONVERSION = YES;
				CLANG_WARN_DEPRECATED_OBJC_IMPLEMENTATIONS = YES;
				CLANG_WARN_DIRECT_OBJC_ISA_USAGE = YES_ERROR;
				CLANG_WARN_DOCUMENTATION_COMMENTS = YES;
				CLANG_WARN_EMPTY_BODY = YES;
				CLANG_WARN_ENUM_CONVERSION = YES;
				CLANG_WARN_INFINITE_RECURSION = YES;
				CLANG_WARN_INT_CONVERSION = YES;
				CLANG_WARN_NON_LITERAL_NULL_CONVERSION = YES;
				CLANG_WARN_OBJC_IMPLICIT_RETAIN_SELF = YES;
				CLANG_WARN_OBJC_LITERAL_CONVERSION = YES;
				CLANG_WARN_OBJC_ROOT_CLASS = YES_ERROR;
				CLANG_WARN_QUOTED_INCLUDE_IN_FRAMEWORK_HEADER = YES;
				CLANG_WARN_RANGE_LOOP_ANALYSIS = YES;
				CLANG_WARN_STRICT_PROTOTYPES = YES;
				CLANG_WARN_SUSPICIOUS_MOVE = YES;
				CLANG_WARN_UNGUARDED_AVAILABILITY = YES_AGGRESSIVE;
				CLANG_WARN_UNREACHABLE_CODE = YES;
				CLANG_WARN__DUPLICATE_METHOD_MATCH = YES;
				COPY_PHASE_STRIP = NO;
				DEBUG_INFORMATION_FORMAT = "dwarf-with-dsym";
				ENABLE_NS_ASSERTIONS = NO;
				ENABLE_STRICT_OBJC_MSGSEND = YES;
				GCC_C_LANGUAGE_STANDARD = gnu11;
				GCC_NO_COMMON_BLOCKS = YES;
				GCC_WARN_64_TO_32_BIT_CONVERSION = YES;
				GCC_WARN_ABOUT_RETURN_TYPE = YES_ERROR;
				GCC_WARN_UNDECLARED_SELECTOR = YES;
				GCC_WARN_UNINITIALIZED_AUTOS = YES_AGGRESSIVE;
				GCC_WARN_UNUSED_FUNCTION = YES;
				GCC_WARN_UNUSED_VARIABLE = YES;
				IPHONEOS_DEPLOYMENT_TARGET = 16.2;
				MTL_ENABLE_DEBUG_INFO = NO;
				MTL_FAST_MATH = YES;
				SDKROOT = iphoneos;
				SWIFT_COMPILATION_MODE = wholemodule;
				SWIFT_OPTIMIZATION_LEVEL = "-O";
				VALIDATE_PRODUCT = YES;
			};
			name = Release;
		};
		F5BF9F1829D1AD4B00DB05E8 /* Debug */ = {
			isa = XCBuildConfiguration;
			buildSettings = {
				ASSETCATALOG_COMPILER_APPICON_NAME = AppIcon;
				ASSETCATALOG_COMPILER_GLOBAL_ACCENT_COLOR_NAME = AccentColor;
				CODE_SIGN_STYLE = Automatic;
				CURRENT_PROJECT_VERSION = 1;
				DEVELOPMENT_ASSET_PATHS = "\"Fructus/Preview Content\"";
				DEVELOPMENT_TEAM = 5BDQ5WR29P;
				ENABLE_PREVIEWS = YES;
				GENERATE_INFOPLIST_FILE = YES;
				INFOPLIST_FILE = Fructus/Info.plist;
				INFOPLIST_KEY_UIApplicationSupportsIndirectInputEvents = YES;
				INFOPLIST_KEY_UILaunchScreen_Generation = YES;
				INFOPLIST_KEY_UISupportedInterfaceOrientations_iPad = "UIInterfaceOrientationPortrait UIInterfaceOrientationPortraitUpsideDown UIInterfaceOrientationLandscapeLeft UIInterfaceOrientationLandscapeRight";
				INFOPLIST_KEY_UISupportedInterfaceOrientations_iPhone = "UIInterfaceOrientationPortrait UIInterfaceOrientationLandscapeLeft UIInterfaceOrientationLandscapeRight";
				IPHONEOS_DEPLOYMENT_TARGET = 16.0;
				LD_RUNPATH_SEARCH_PATHS = (
					"$(inherited)",
					"@executable_path/Frameworks",
				);
				MARKETING_VERSION = 1.0;
				PRODUCT_BUNDLE_IDENTIFIER = com.bariscansertkaya.Fructus;
				PRODUCT_NAME = "$(TARGET_NAME)";
				SWIFT_EMIT_LOC_STRINGS = YES;
				SWIFT_VERSION = 5.0;
				TARGETED_DEVICE_FAMILY = "1,2";
			};
			name = Debug;
		};
		F5BF9F1929D1AD4B00DB05E8 /* Release */ = {
			isa = XCBuildConfiguration;
			buildSettings = {
				ASSETCATALOG_COMPILER_APPICON_NAME = AppIcon;
				ASSETCATALOG_COMPILER_GLOBAL_ACCENT_COLOR_NAME = AccentColor;
				CODE_SIGN_STYLE = Automatic;
				CURRENT_PROJECT_VERSION = 1;
				DEVELOPMENT_ASSET_PATHS = "\"Fructus/Preview Content\"";
				DEVELOPMENT_TEAM = 5BDQ5WR29P;
				ENABLE_PREVIEWS = YES;
				GENERATE_INFOPLIST_FILE = YES;
				INFOPLIST_FILE = Fructus/Info.plist;
				INFOPLIST_KEY_UIApplicationSupportsIndirectInputEvents = YES;
				INFOPLIST_KEY_UILaunchScreen_Generation = YES;
				INFOPLIST_KEY_UISupportedInterfaceOrientations_iPad = "UIInterfaceOrientationPortrait UIInterfaceOrientationPortraitUpsideDown UIInterfaceOrientationLandscapeLeft UIInterfaceOrientationLandscapeRight";
				INFOPLIST_KEY_UISupportedInterfaceOrientations_iPhone = "UIInterfaceOrientationPortrait UIInterfaceOrientationLandscapeLeft UIInterfaceOrientationLandscapeRight";
				IPHONEOS_DEPLOYMENT_TARGET = 16.0;
				LD_RUNPATH_SEARCH_PATHS = (
					"$(inherited)",
					"@executable_path/Frameworks",
				);
				MARKETING_VERSION = 1.0;
				PRODUCT_BUNDLE_IDENTIFIER = com.bariscansertkaya.Fructus;
				PRODUCT_NAME = "$(TARGET_NAME)";
				SWIFT_EMIT_LOC_STRINGS = YES;
				SWIFT_VERSION = 5.0;
				TARGETED_DEVICE_FAMILY = "1,2";
			};
			name = Release;
		};
/* End XCBuildConfiguration section */

/* Begin XCConfigurationList section */
		F5BF9F0429D1AD4A00DB05E8 /* Build configuration list for PBXProject "Fructus" */ = {
			isa = XCConfigurationList;
			buildConfigurations = (
				F5BF9F1529D1AD4B00DB05E8 /* Debug */,
				F5BF9F1629D1AD4B00DB05E8 /* Release */,
			);
			defaultConfigurationIsVisible = 0;
			defaultConfigurationName = Release;
		};
		F5BF9F1729D1AD4B00DB05E8 /* Build configuration list for PBXNativeTarget "Fructus" */ = {
			isa = XCConfigurationList;
			buildConfigurations = (
				F5BF9F1829D1AD4B00DB05E8 /* Debug */,
				F5BF9F1929D1AD4B00DB05E8 /* Release */,
			);
			defaultConfigurationIsVisible = 0;
			defaultConfigurationName = Release;
		};
/* End XCConfigurationList section */
	};
	rootObject = F5BF9F0129D1AD4A00DB05E8 /* Project object */;
}
